
Microsoft Visual Studio Solution File, Format Version 12.00
# Visual Studio Version 17
VisualStudioVersion = 17.0.31919.166
MinimumVisualStudioVersion = 10.0.40219.1
Project("{9A19103F-16F7-4668-BE54-9A1E7A4F7556}") = "TicTacToe", "TicTacToe\TicTacToe.csproj", "{B716292D-BDBB-4E28-B0FD-80578CC7596E}"
EndProject
Project("{FAE04EC0-301F-11D3-BF4B-00C04F79EFBC}") = "ConsoleApp1", "ConsoleApp1\ConsoleApp1.csproj", "{62A58EC6-6752-416B-87AA-ED379E87344E}"
EndProject
Global
	GlobalSection(SolutionConfigurationPlatforms) = preSolution
		Debug|Any CPU = Debug|Any CPU
		Release|Any CPU = Release|Any CPU
	EndGlobalSection
	GlobalSection(ProjectConfigurationPlatforms) = postSolution
		{B716292D-BDBB-4E28-B0FD-80578CC7596E}.Debug|Any CPU.ActiveCfg = Debug|Any CPU
		{B716292D-BDBB-4E28-B0FD-80578CC7596E}.Debug|Any CPU.Build.0 = Debug|Any CPU
		{B716292D-BDBB-4E28-B0FD-80578CC7596E}.Release|Any CPU.ActiveCfg = Release|Any CPU
		{B716292D-BDBB-4E28-B0FD-80578CC7596E}.Release|Any CPU.Build.0 = Release|Any CPU
		{62A58EC6-6752-416B-87AA-ED379E87344E}.Debug|Any CPU.ActiveCfg = Debug|Any CPU
		{62A58EC6-6752-416B-87AA-ED379E87344E}.Debug|Any CPU.Build.0 = Debug|Any CPU
		{62A58EC6-6752-416B-87AA-ED379E87344E}.Release|Any CPU.ActiveCfg = Release|Any CPU
		{62A58EC6-6752-416B-87AA-ED379E87344E}.Release|Any CPU.Build.0 = Release|Any CPU
	EndGlobalSection
	GlobalSection(SolutionProperties) = preSolution
		HideSolutionNode = FALSE
	EndGlobalSection
	GlobalSection(ExtensibilityGlobals) = postSolution
		SolutionGuid = {653A0BA9-E565-4FC6-A9C2-CF64052AEBE3}
	EndGlobalSection
EndGlobal
